
Microsoft Visual Studio Solution File, Format Version 11.00
# Visual C++ Express 2010
Project("{8BC9CEB8-8B4A-11D0-8D11-00A0C91BC942}") = "BlackSunshine", "BlackSunshine.vcxproj", "{FB3DDDAA-7D2D-498C-8E32-5C426357E5DD}"
EndProject
Global
	GlobalSection(SolutionConfigurationPlatforms) = preSolution
		Debug|Win32 = Debug|Win32
		Release|Win32 = Release|Win32
	EndGlobalSection
	GlobalSection(ProjectConfigurationPlatforms) = postSolution
		{FB3DDDAA-7D2D-498C-8E32-5C426357E5DD}.Debug|Win32.ActiveCfg = Debug|Win32
		{FB3DDDAA-7D2D-498C-8E32-5C426357E5DD}.Debug|Win32.Build.0 = Debug|Win32
		{FB3DDDAA-7D2D-498C-8E32-5C426357E5DD}.Release|Win32.ActiveCfg = Release|Win32
		{FB3DDDAA-7D2D-498C-8E32-5C426357E5DD}.Release|Win32.Build.0 = Release|Win32
	EndGlobalSection
	GlobalSection(SolutionProperties) = preSolution
		HideSolutionNode = FALSE
	EndGlobalSection
EndGlobal
